
Microsoft Visual Studio Solution File, Format Version 12.00
# Visual Studio Version 17
VisualStudioVersion = 17.2.32616.157
MinimumVisualStudioVersion = 10.0.40219.1
Project("{2150E333-8FDC-42A3-9474-1A3956D46DE8}") = "Application", "Application", "{14D7BB8B-1357-4DF4-81BF-0901745ECE82}"
EndProject
Project("{2150E333-8FDC-42A3-9474-1A3956D46DE8}") = "Domain", "Domain", "{2D5BF380-415E-4876-9EF5-DA969C39657F}"
EndProject
Project("{2150E333-8FDC-42A3-9474-1A3956D46DE8}") = "Infra.Data", "Infra.Data", "{687F5F99-A4B4-4526-B748-D61D4090114C}"
EndProject
Project("{2150E333-8FDC-42A3-9474-1A3956D46DE8}") = "Infra.IoC", "Infra.IoC", "{236F5EE9-5A21-4A28-A1BD-7B8A9736EF51}"
EndProject
Project("{2150E333-8FDC-42A3-9474-1A3956D46DE8}") = "Presentation", "Presentation", "{07E52684-CB17-4C8E-8A33-73C509AE80DE}"
EndProject
Project("{9A19103F-16F7-4668-BE54-9A1E7A4F7556}") = "ProjectWeb.Mvc", "ProjectWeb.Mvc\ProjectWeb.Mvc.csproj", "{A245F974-9E91-4688-9BFA-B5CCD9DC49B5}"
EndProject
Project("{9A19103F-16F7-4668-BE54-9A1E7A4F7556}") = "ProjectWeb.Infra.Data", "ProjectWeb.Infra.Data\ProjectWeb.Infra.Data.csproj", "{6CCA8637-D329-4DAF-A924-C9C5ECFBC6B9}"
EndProject
Project("{FAE04EC0-301F-11D3-BF4B-00C04F79EFBC}") = "ProjectWeb.Application", "ProjectWeb.Application\ProjectWeb.Application.csproj", "{74F0BD9D-D583-4E39-8957-F9C6E5C08AB7}"
EndProject
Global
	GlobalSection(SolutionConfigurationPlatforms) = preSolution
		Debug|Any CPU = Debug|Any CPU
		Release|Any CPU = Release|Any CPU
	EndGlobalSection
	GlobalSection(ProjectConfigurationPlatforms) = postSolution
		{A245F974-9E91-4688-9BFA-B5CCD9DC49B5}.Debug|Any CPU.ActiveCfg = Debug|Any CPU
		{A245F974-9E91-4688-9BFA-B5CCD9DC49B5}.Debug|Any CPU.Build.0 = Debug|Any CPU
		{A245F974-9E91-4688-9BFA-B5CCD9DC49B5}.Release|Any CPU.ActiveCfg = Release|Any CPU
		{A245F974-9E91-4688-9BFA-B5CCD9DC49B5}.Release|Any CPU.Build.0 = Release|Any CPU
		{6CCA8637-D329-4DAF-A924-C9C5ECFBC6B9}.Debug|Any CPU.ActiveCfg = Debug|Any CPU
		{6CCA8637-D329-4DAF-A924-C9C5ECFBC6B9}.Debug|Any CPU.Build.0 = Debug|Any CPU
		{6CCA8637-D329-4DAF-A924-C9C5ECFBC6B9}.Release|Any CPU.ActiveCfg = Release|Any CPU
		{6CCA8637-D329-4DAF-A924-C9C5ECFBC6B9}.Release|Any CPU.Build.0 = Release|Any CPU
		{74F0BD9D-D583-4E39-8957-F9C6E5C08AB7}.Debug|Any CPU.ActiveCfg = Debug|Any CPU
		{74F0BD9D-D583-4E39-8957-F9C6E5C08AB7}.Debug|Any CPU.Build.0 = Debug|Any CPU
		{74F0BD9D-D583-4E39-8957-F9C6E5C08AB7}.Release|Any CPU.ActiveCfg = Release|Any CPU
		{74F0BD9D-D583-4E39-8957-F9C6E5C08AB7}.Release|Any CPU.Build.0 = Release|Any CPU
	EndGlobalSection
	GlobalSection(SolutionProperties) = preSolution
		HideSolutionNode = FALSE
	EndGlobalSection
	GlobalSection(NestedProjects) = preSolution
		{A245F974-9E91-4688-9BFA-B5CCD9DC49B5} = {07E52684-CB17-4C8E-8A33-73C509AE80DE}
		{6CCA8637-D329-4DAF-A924-C9C5ECFBC6B9} = {687F5F99-A4B4-4526-B748-D61D4090114C}
		{74F0BD9D-D583-4E39-8957-F9C6E5C08AB7} = {14D7BB8B-1357-4DF4-81BF-0901745ECE82}
	EndGlobalSection
	GlobalSection(ExtensibilityGlobals) = postSolution
		SolutionGuid = {A9FF08BB-4A36-4793-A0E8-3DFE74C40827}
	EndGlobalSection
EndGlobal
